<?xml version="1.0" encoding="utf-8"?>
<Project xmlns="http://schemas.microsoft.com/developer/msbuild/2003">
  <ItemGroup>
    <Filter Include="Generated Files">
      <UniqueIdentifier>{71ED8ED8-ACB9-4CE9-BBE1-E00B30144E11}</UniqueIdentifier>
      <Extensions>cpp;c;cxx;moc;h;def;odl;idl;res;</Extensions>
    </Filter>
    <Filter Include="Generated Files">
      <UniqueIdentifier>{71ED8ED8-ACB9-4CE9-BBE1-E00B30144E11}</UniqueIdentifier>
      <Extensions>cpp;c;cxx;moc;h;def;odl;idl;res;</Extensions>
    </Filter>
    <Filter Include="Header Files">
      <UniqueIdentifier>{93995380-89BD-4b04-88EB-625FBE52EBFB}</UniqueIdentifier>
      <Extensions>h;hpp;hxx;hm;inl;inc;xsd</Extensions>
    </Filter>
    <Filter Include="Header Files">
      <UniqueIdentifier>{93995380-89BD-4b04-88EB-625FBE52EBFB}</UniqueIdentifier>
      <Extensions>h;hpp;hxx;hm;inl;inc;xsd</Extensions>
    </Filter>
    <Filter Include="Resource Files">
      <UniqueIdentifier>{D9D6E242-F8AF-46E4-B9FD-80ECBC20BA3E}</UniqueIdentifier>
      <Extensions>qrc;*</Extensions>
      <ParseFiles>false</ParseFiles>
    </Filter>
    <Filter Include="Resource Files">
      <UniqueIdentifier>{D9D6E242-F8AF-46E4-B9FD-80ECBC20BA3E}</UniqueIdentifier>
      <Extensions>qrc;*</Extensions>
      <ParseFiles>false</ParseFiles>
    </Filter>
    <Filter Include="Source Files">
      <UniqueIdentifier>{4FC737F1-C7A5-4376-A066-2A32D752A2FF}</UniqueIdentifier>
      <Extensions>cpp;c;cxx;def;odl;idl;hpj;bat;asm;asmx</Extensions>
    </Filter>
    <Filter Include="Source Files">
      <UniqueIdentifier>{4FC737F1-C7A5-4376-A066-2A32D752A2FF}</UniqueIdentifier>
      <Extensions>cpp;c;cxx;def;odl;idl;hpj;bat;asm;asmx</Extensions>
    </Filter>
  </ItemGroup>
  <ItemGroup>
    <ClCompile Include="MonkeySurferGUI.cpp">
      <Filter>Source Files</Filter>
    </ClCompile>
    <ClCompile Include="..\MonkeySurfer\affichage.cpp">
      <Filter>Source Files</Filter>
    </ClCompile>
    <ClCompile Include="affichagegui.cpp">
      <Filter>Source Files</Filter>
    </ClCompile>
    <ClCompile Include="..\MonkeySurfer\aleatoire.cpp">
      <Filter>Source Files</Filter>
    </ClCompile>
    <ClCompile Include="..\MonkeySurfer\banane.cpp">
      <Filter>Source Files</Filter>
    </ClCompile>
    <ClCompile Include="..\MonkeySurfer\bouclier.cpp">
      <Filter>Source Files</Filter>
    </ClCompile>
    <ClCompile Include="..\MonkeySurfer\collectible.cpp">
      <Filter>Source Files</Filter>
    </ClCompile>
    <ClCompile Include="..\MonkeySurfer\elementaleatoire.cpp">
      <Filter>Source Files</Filter>
    </ClCompile>
    <ClCompile Include="..\MonkeySurfer\elementjeu.cpp">
      <Filter>Source Files</Filter>
    </ClCompile>
    <ClCompile Include="..\MonkeySurfer\harpieferoce.cpp">
      <Filter>Source Files</Filter>
    </ClCompile>
    <ClCompile Include="..\MonkeySurfer\jeu.cpp">
      <Filter>Source Files</Filter>
    </ClCompile>
    <ClCompile Include="..\MonkeySurfer\joueur.cpp">
      <Filter>Source Files</Filter>
    </ClCompile>
    <ClCompile Include="..\MonkeySurfer\jsonSerial.cpp">
      <Filter>Source Files</Filter>
    </ClCompile>
    <ClCompile Include="mainwindow.cpp">
      <Filter>Source Files</Filter>
    </ClCompile>
    <ClCompile Include="..\MonkeySurfer\menu.cpp">
      <Filter>Source Files</Filter>
    </ClCompile>
    <ClCompile Include="..\MonkeySurfer\networking.cpp">
      <Filter>Source Files</Filter>
    </ClCompile>
    <ClCompile Include="..\MonkeySurfer\nullstream.cpp">
      <Filter>Source Files</Filter>
    </ClCompile>
    <ClCompile Include="..\MonkeySurfer\obstacle.cpp">
      <Filter>Source Files</Filter>
    </ClCompile>
    <ClCompile Include="..\MonkeySurfer\obstaclefixe.cpp">
      <Filter>Source Files</Filter>
    </ClCompile>
    <ClCompile Include="pausemenugui.cpp">
      <Filter>Source Files</Filter>
    </ClCompile>
    <ClCompile Include="..\MonkeySurfer\piece.cpp">
      <Filter>Source Files</Filter>
    </ClCompile>
    <ClCompile Include="..\MonkeySurfer\playerdata.cpp">
      <Filter>Source Files</Filter>
    </ClCompile>
    <ClCompile Include="..\MonkeySurfer\projectile.cpp">
      <Filter>Source Files</Filter>
    </ClCompile>
    <ClCompile Include="..\MonkeySurfer\serpent.cpp">
      <Filter>Source Files</Filter>
    </ClCompile>
    <ClCompile Include="..\MonkeySurfer\skin.cpp">
      <Filter>Source Files</Filter>
    </ClCompile>
    <ClCompile Include="skinshop.cpp">
      <Filter>Source Files</Filter>
    </ClCompile>
  </ItemGroup>
  <ItemGroup>
    <ClInclude Include="..\MonkeySurfer\affichage.h">
      <Filter>Header Files</Filter>
    </ClInclude>
    <CustomBuild Include="affichagegui.h">
      <Filter>Header Files</Filter>
    </CustomBuild>
    <ClInclude Include="..\MonkeySurfer\aleatoire.h">
      <Filter>Header Files</Filter>
    </ClInclude>
    <ClInclude Include="..\MonkeySurfer\banane.h">
      <Filter>Header Files</Filter>
    </ClInclude>
    <ClInclude Include="..\MonkeySurfer\bouclier.h">
      <Filter>Header Files</Filter>
    </ClInclude>
    <ClInclude Include="..\MonkeySurfer\collectible.h">
      <Filter>Header Files</Filter>
    </ClInclude>
    <ClInclude Include="..\MonkeySurfer\direction.h">
      <Filter>Header Files</Filter>
    </ClInclude>
    <ClInclude Include="dustpuff.h">
      <Filter>Header Files</Filter>
    </ClInclude>
    <ClInclude Include="..\MonkeySurfer\elementaleatoire.h">
      <Filter>Header Files</Filter>
    </ClInclude>
    <ClInclude Include="..\MonkeySurfer\elementjeu.h">
      <Filter>Header Files</Filter>
    </ClInclude>
    <ClInclude Include="..\MonkeySurfer\harpieferoce.h">
      <Filter>Header Files</Filter>
    </ClInclude>
    <ClInclude Include="itemgui.h">
      <Filter>Header Files</Filter>
    </ClInclude>
    <ClInclude Include="..\MonkeySurfer\jeu.h">
      <Filter>Header Files</Filter>
    </ClInclude>
    <ClInclude Include="..\MonkeySurfer\joueur.h">
      <Filter>Header Files</Filter>
    </ClInclude>
    <ClInclude Include="..\MonkeySurfer\jsonSerial.h">
      <Filter>Header Files</Filter>
    </ClInclude>
    <CustomBuild Include="mainwindow.h">
      <Filter>Header Files</Filter>
    </CustomBuild>
    <ClInclude Include="..\MonkeySurfer\menu.h">
      <Filter>Header Files</Filter>
    </ClInclude>
    <ClInclude Include="menubutton.h">
      <Filter>Header Files</Filter>
    </ClInclude>
    <ClInclude Include="..\MonkeySurfer\networking.h">
      <Filter>Header Files</Filter>
    </ClInclude>
    <ClInclude Include="..\MonkeySurfer\nullstream.h">
      <Filter>Header Files</Filter>
    </ClInclude>
    <ClInclude Include="..\MonkeySurfer\obstacle.h">
      <Filter>Header Files</Filter>
    </ClInclude>
    <ClInclude Include="..\MonkeySurfer\obstaclefixe.h">
      <Filter>Header Files</Filter>
    </ClInclude>
    <ClInclude Include="pausemenugui.h">
      <Filter>Header Files</Filter>
    </ClInclude>
    <ClInclude Include="..\MonkeySurfer\piece.h">
      <Filter>Header Files</Filter>
    </ClInclude>
    <ClInclude Include="..\MonkeySurfer\playerdata.h">
      <Filter>Header Files</Filter>
    </ClInclude>
    <ClInclude Include="..\MonkeySurfer\projectile.h">
      <Filter>Header Files</Filter>
    </ClInclude>
    <ClInclude Include="..\MonkeySurfer\serpent.h">
      <Filter>Header Files</Filter>
    </ClInclude>
    <ClInclude Include="..\MonkeySurfer\skin.h">
      <Filter>Header Files</Filter>
    </ClInclude>
    <ClInclude Include="skinshop.h">
      <Filter>Header Files</Filter>
    </ClInclude>
  </ItemGroup>
  <ItemGroup>
    <ClCompile Include="debug\moc_affichagegui.cpp">
      <Filter>Generated Files</Filter>
    </ClCompile>
    <ClCompile Include="release\moc_affichagegui.cpp">
      <Filter>Generated Files</Filter>
    </ClCompile>
    <ClCompile Include="debug\moc_mainwindow.cpp">
      <Filter>Generated Files</Filter>
    </ClCompile>
    <ClCompile Include="release\moc_mainwindow.cpp">
      <Filter>Generated Files</Filter>
    </ClCompile>
    <CustomBuild Include="debug\moc_predefs.h.cbt">
      <Filter>Generated Files</Filter>
    </CustomBuild>
    <CustomBuild Include="release\moc_predefs.h.cbt">
      <Filter>Generated Files</Filter>
    </CustomBuild>
    <ClCompile Include="debug\qrc_Resource_qrc.cpp">
      <Filter>Generated Files</Filter>
    </ClCompile>
    <ClCompile Include="release\qrc_Resource_qrc.cpp">
      <Filter>Generated Files</Filter>
    </ClCompile>
  </ItemGroup>
  <ItemGroup>
    <None Include="sprites\Background\Background\Background.png">
      <Filter>Resource Files</Filter>
    </None>
    <None Include="fonts\JungleFeverNF.otf">
      <Filter>Resource Files</Filter>
    </None>
    <None Include="sprites\Skins\Monkey\Monkey_Climb\Monkey_Climb1.png">
      <Filter>Resource Files</Filter>
    </None>
    <None Include="sprites\Skins\Monkey\Monkey_Climb\Monkey_Climb2.png">
      <Filter>Resource Files</Filter>
    </None>
    <None Include="sprites\Skins\Monkey\Monkey_Climb\Monkey_Climb3.png">
      <Filter>Resource Files</Filter>
    </None>
    <None Include="sprites\Skins\Monkey\Monkey_Climb\Monkey_Climb4.png">
      <Filter>Resource Files</Filter>
    </None>
    <CustomBuild Include="Resource_qrc.qrc">
      <Filter>Resource Files</Filter>
    </CustomBuild>
    <None Include="sprites\Background\Vines\Vine.png">
      <Filter>Resource Files</Filter>
    </None>
    <None Include="sprites\UI\cadrevigne.png">
      <Filter>Resource Files</Filter>
    </None>
    <None Include="sprites\Effets\dustpuff1.png">
      <Filter>Resource Files</Filter>
    </None>
    <None Include="sprites\Effets\dustpuff2.png">
      <Filter>Resource Files</Filter>
    </None>
    <None Include="sprites\Effets\dustpuff3.png">
      <Filter>Resource Files</Filter>
    </None>
    <None Include="sprites\UI\flecheDroite.png">
      <Filter>Resource Files</Filter>
    </None>
    <None Include="sprites\UI\flecheGauche.png">
      <Filter>Resource Files</Filter>
    </None>
    <None Include="music\monkeyClimb.mp3">
      <Filter>Resource Files</Filter>
    </None>
    <None Include="images\monkeysurfer.png">
      <Filter>Resource Files</Filter>
    </None>
    <None Include="sprites\Skins\SkinShop\skin1.png">
      <Filter>Resource Files</Filter>
    </None>
    <None Include="sprites\Skins\SkinShop\skin2.png">
      <Filter>Resource Files</Filter>
    </None>
    <None Include="sprites\Skins\SkinShop\skin3.png">
      <Filter>Resource Files</Filter>
    </None>
    <None Include="sprites\Skins\SkinShop\skin4.png">
      <Filter>Resource Files</Filter>
    </None>
    <None Include="sprites\Skins\SkinShop\skin5.png">
      <Filter>Resource Files</Filter>
    </None>
    <None Include="sprites\Skins\SkinShop\skin6.png">
      <Filter>Resource Files</Filter>
    </None>
    <None Include="sprites\Skins\SkinShop\skin7.png">
      <Filter>Resource Files</Filter>
    </None>
    <None Include="sprites\Skins\SkinShop\skin8.png">
      <Filter>Resource Files</Filter>
    </None>
    <None Include="sprites\Skins\SkinShop\skin9.png">
      <Filter>Resource Files</Filter>
    </None>
  </ItemGroup>
</Project>