<?xml version="1.0" encoding="utf-8"?>
<Project ToolsVersion="4.0" xmlns="http://schemas.microsoft.com/developer/msbuild/2003">
  <ItemGroup>
    <ClCompile Include="affichage.cpp" />
    <ClCompile Include="affichageconsole.cpp" />
    <ClCompile Include="aleatoire.cpp" />
    <ClCompile Include="banane.cpp" />
    <ClCompile Include="bouclier.cpp" />
    <ClCompile Include="collectible.cpp" />
    <ClCompile Include="elementaleatoire.cpp" />
    <ClCompile Include="elementjeu.cpp" />
    <ClCompile Include="jeu.cpp" />
    <ClCompile Include="joueur.cpp" />
    <ClCompile Include="jsonserial.cpp" />
    <ClCompile Include="menu.cpp" />
    <ClCompile Include="monkeysurfer.cpp" />
    <ClCompile Include="networking.cpp" />
    <ClCompile Include="obstacle.cpp" />
    <ClCompile Include="obstaclefixe.cpp" />
    <ClCompile Include="piece.cpp" />
    <ClCompile Include="playerdata.cpp" />
    <ClCompile Include="projectile.cpp" />
    <ClCompile Include="skin.cpp" />
    <ClCompile Include="cmdcolor.cpp" />
    <ClCompile Include="nullstream.cpp" />
  </ItemGroup>
  <ItemGroup>
    <ClCompile Include="monkeysurfer.cpp">
      <Filter>Source Files</Filter>
    </ClCompile>
    <ClCompile Include="jeu.cpp">
      <Filter>Source Files</Filter>
    </ClCompile>
    <ClCompile Include="joueur.cpp">
      <Filter>Source Files</Filter>
    </ClCompile>
    <ClCompile Include="collectible.cpp">
      <Filter>Source Files</Filter>
    </ClCompile>
    <ClCompile Include="obstacle.cpp">
      <Filter>Source Files</Filter>
    </ClCompile>
    <ClCompile Include="piece.cpp">
      <Filter>Source Files</Filter>
    </ClCompile>
    <ClCompile Include="bouclier.cpp">
      <Filter>Source Files</Filter>
    </ClCompile>
    <ClCompile Include="banane.cpp">
      <Filter>Source Files</Filter>
    </ClCompile>
    <ClCompile Include="affichage.cpp">
      <Filter>Source Files</Filter>
    </ClCompile>
    <ClCompile Include="affichageconsole.cpp">
      <Filter>Source Files</Filter>
    </ClCompile>
    <ClCompile Include="aleatoire.cpp">
      <Filter>Source Files</Filter>
    </ClCompile>
    <ClCompile Include="elementjeu.cpp">
      <Filter>Source Files</Filter>
    </ClCompile>
    <ClCompile Include="elementaleatoire.cpp">
      <Filter>Source Files</Filter>
    </ClCompile>
    <ClCompile Include="obstaclefixe.cpp">
      <Filter>Source Files</Filter>
    </ClCompile>
    <ClCompile Include="projectile.cpp">
      <Filter>Source Files</Filter>
    </ClCompile>
    <ClCompile Include="skin.cpp">
      <Filter>Source Files</Filter>
    </ClCompile>
    <ClCompile Include="menu.cpp">
      <Filter>Source Files</Filter>
    </ClCompile>
    <ClCompile Include="harpieferoce.cpp">
      <Filter>Source Files</Filter>
    </ClCompile>
    <ClCompile Include="serpent.cpp">
      <Filter>Source Files</Filter>
    </ClCompile>
    <ClCompile Include="jsonserial.cpp">
      <Filter>Source Files</Filter>
    </ClCompile>
    <ClCompile Include="nullstream.cpp">
      <Filter>Source Files</Filter>
    </ClCompile>
    <ClCompile Include="cmdcolor.cpp">
      <Filter>Source Files</Filter>
    </ClCompile>
  </ItemGroup>
  <ItemGroup>
    <ClInclude Include="jeu.h">
      <Filter>Header Files</Filter>
    </ClInclude>
    <ClInclude Include="joueur.h">
      <Filter>Header Files</Filter>
    </ClInclude>
    <ClInclude Include="collectible.h">
      <Filter>Header Files</Filter>
    </ClInclude>
    <ClInclude Include="obstacle.h">
      <Filter>Header Files</Filter>
    </ClInclude>
    <ClInclude Include="piece.h">
      <Filter>Header Files</Filter>
    </ClInclude>
    <ClInclude Include="bouclier.h">
      <Filter>Header Files</Filter>
    </ClInclude>
    <ClInclude Include="banane.h">
      <Filter>Header Files</Filter>
    </ClInclude>
    <ClInclude Include="affichage.h">
      <Filter>Header Files</Filter>
    </ClInclude>
    <ClInclude Include="affichageconsole.h">
      <Filter>Header Files</Filter>
    </ClInclude>
    <ClInclude Include="aleatoire.h">
      <Filter>Header Files</Filter>
    </ClInclude>
    <ClInclude Include="elementjeu.h">
      <Filter>Header Files</Filter>
    </ClInclude>
    <ClInclude Include="elementaleatoire.h">
      <Filter>Header Files</Filter>
    </ClInclude>
    <ClInclude Include="obstaclefixe.h">
      <Filter>Header Files</Filter>
    </ClInclude>
    <ClInclude Include="projectile.h">
      <Filter>Header Files</Filter>
    </ClInclude>
    <ClInclude Include="skin.h">
      <Filter>Header Files</Filter>
    </ClInclude>
    <ClInclude Include="menu.h">
      <Filter>Header Files</Filter>
    </ClInclude>
    <ClInclude Include="harpieferoce.h">
      <Filter>Header Files</Filter>
    </ClInclude>
    <ClInclude Include="serpent.h">
      <Filter>Header Files</Filter>
    </ClInclude>
    <ClInclude Include="jsonserial.h">
      <Filter>Header Files</Filter>
    </ClInclude>
    <ClInclude Include="direction.h">
      <Filter>Header Files</Filter>
    </ClInclude>
    <ClInclude Include="nullstream.h">
      <Filter>Header Files</Filter>
    </ClInclude>
    <ClInclude Include="cmdcolor.h">
      <Filter>Header Files</Filter>
    </ClInclude>
    <ClInclude Include="affichage.h" />
    <ClInclude Include="affichageconsole.h" />
    <ClInclude Include="aleatoire.h" />
    <ClInclude Include="banane.h" />
    <ClInclude Include="bouclier.h" />
    <ClInclude Include="collectible.h" />
    <ClInclude Include="elementaleatoire.h" />
    <ClInclude Include="elementjeu.h" />
    <ClInclude Include="jeu.h" />
    <ClInclude Include="joueur.h" />
    <ClInclude Include="jsonserial.h" />
    <ClInclude Include="menu.h" />
    <ClInclude Include="networking.h" />
    <ClInclude Include="obstacle.h" />
    <ClInclude Include="obstaclefixe.h" />
    <ClInclude Include="piece.h" />
    <ClInclude Include="playerdata.h" />
    <ClInclude Include="projectile.h" />
    <ClInclude Include="skin.h" />
    <ClInclude Include="cmdcolor.h" />
    <ClInclude Include="nullstream.h" />
  </ItemGroup>
  <ItemGroup>
    <Text Include="artMenu.txt" />
    <Text Include="gameOver.txt" />
    <Text Include="monkey.txt" />
    <Text Include="retryText.txt" />
    <Text Include="showcaseSkin.txt" />
    <Text Include="showcaseSkinSelect.txt" />
  </ItemGroup>
</Project>